// !$*UTF8*$!
{
	archiveVersion = 1;
	classes = {
	};
	objectVersion = 46;
	objects = {

/* Begin PBXBuildFile section */
		FAA3D9331F28E94D00E54E82 /* AppDelegate.swift in Sources */ = {isa = PBXBuildFile; fileRef = FAA3D9321F28E94D00E54E82 /* AppDelegate.swift */; };
		FAA3D9351F28E94D00E54E82 /* ViewController.swift in Sources */ = {isa = PBXBuildFile; fileRef = FAA3D9341F28E94D00E54E82 /* ViewController.swift */; };
		FAA3D9381F28E94D00E54E82 /* Main.storyboard in Resources */ = {isa = PBXBuildFile; fileRef = FAA3D9361F28E94D00E54E82 /* Main.storyboard */; };
		FAA3D93A1F28E94D00E54E82 /* Assets.xcassets in Resources */ = {isa = PBXBuildFile; fileRef = FAA3D9391F28E94D00E54E82 /* Assets.xcassets */; };
		FAA3D93D1F28E94D00E54E82 /* LaunchScreen.storyboard in Resources */ = {isa = PBXBuildFile; fileRef = FAA3D93B1F28E94D00E54E82 /* LaunchScreen.storyboard */; };
		FAA3D9451F28F04A00E54E82 /* SafetyViewController.swift in Sources */ = {isa = PBXBuildFile; fileRef = FAA3D9441F28F04A00E54E82 /* SafetyViewController.swift */; };
		FAA3D9471F28F67100E54E82 /* 14w8129.jpg in Resources */ = {isa = PBXBuildFile; fileRef = FAA3D9461F28F67100E54E82 /* 14w8129.jpg */; };
		FAA3D9491F28F91400E54E82 /* 220px-Zombie_haiti_ill_artlibre_jnl.png in Resources */ = {isa = PBXBuildFile; fileRef = FAA3D9481F28F91400E54E82 /* 220px-Zombie_haiti_ill_artlibre_jnl.png */; };
		FAA3D94B1F291D0F00E54E82 /* LocationViewController.swift in Sources */ = {isa = PBXBuildFile; fileRef = FAA3D94A1F291D0F00E54E82 /* LocationViewController.swift */; };
		FAA3D94D1F291D2600E54E82 /* InventoryViewController.swift in Sources */ = {isa = PBXBuildFile; fileRef = FAA3D94C1F291D2600E54E82 /* InventoryViewController.swift */; };
/* End PBXBuildFile section */

/* Begin PBXFileReference section */
		FAA3D92F1F28E94D00E54E82 /* AutoLayout.app */ = {isa = PBXFileReference; explicitFileType = wrapper.application; includeInIndex = 0; path = AutoLayout.app; sourceTree = BUILT_PRODUCTS_DIR; };
		FAA3D9321F28E94D00E54E82 /* AppDelegate.swift */ = {isa = PBXFileReference; lastKnownFileType = sourcecode.swift; path = AppDelegate.swift; sourceTree = "<group>"; };
		FAA3D9341F28E94D00E54E82 /* ViewController.swift */ = {isa = PBXFileReference; lastKnownFileType = sourcecode.swift; path = ViewController.swift; sourceTree = "<group>"; };
		FAA3D9371F28E94D00E54E82 /* Base */ = {isa = PBXFileReference; lastKnownFileType = file.storyboard; name = Base; path = Base.lproj/Main.storyboard; sourceTree = "<group>"; };
		FAA3D9391F28E94D00E54E82 /* Assets.xcassets */ = {isa = PBXFileReference; lastKnownFileType = folder.assetcatalog; path = Assets.xcassets; sourceTree = "<group>"; };
		FAA3D93C1F28E94D00E54E82 /* Base */ = {isa = PBXFileReference; lastKnownFileType = file.storyboard; name = Base; path = Base.lproj/LaunchScreen.storyboard; sourceTree = "<group>"; };
		FAA3D93E1F28E94D00E54E82 /* Info.plist */ = {isa = PBXFileReference; lastKnownFileType = text.plist.xml; path = Info.plist; sourceTree = "<group>"; };
		FAA3D9441F28F04A00E54E82 /* SafetyViewController.swift */ = {isa = PBXFileReference; fileEncoding = 4; lastKnownFileType = sourcecode.swift; path = SafetyViewController.swift; sourceTree = "<group>"; };
		FAA3D9461F28F67100E54E82 /* 14w8129.jpg */ = {isa = PBXFileReference; lastKnownFileType = image.jpeg; name = 14w8129.jpg; path = ../../../Downloads/14w8129.jpg; sourceTree = "<group>"; };
		FAA3D9481F28F91400E54E82 /* 220px-Zombie_haiti_ill_artlibre_jnl.png */ = {isa = PBXFileReference; lastKnownFileType = image.png; name = "220px-Zombie_haiti_ill_artlibre_jnl.png"; path = "../../../Downloads/220px-Zombie_haiti_ill_artlibre_jnl.png"; sourceTree = "<group>"; };
		FAA3D94A1F291D0F00E54E82 /* LocationViewController.swift */ = {isa = PBXFileReference; fileEncoding = 4; lastKnownFileType = sourcecode.swift; path = LocationViewController.swift; sourceTree = "<group>"; };
		FAA3D94C1F291D2600E54E82 /* InventoryViewController.swift */ = {isa = PBXFileReference; fileEncoding = 4; lastKnownFileType = sourcecode.swift; path = InventoryViewController.swift; sourceTree = "<group>"; };
/* End PBXFileReference section */

/* Begin PBXFrameworksBuildPhase section */
		FAA3D92C1F28E94D00E54E82 /* Frameworks */ = {
			isa = PBXFrameworksBuildPhase;
			buildActionMask = 2147483647;
			files = (
			);
			runOnlyForDeploymentPostprocessing = 0;
		};
/* End PBXFrameworksBuildPhase section */

/* Begin PBXGroup section */
		FAA3D9261F28E94D00E54E82 = {
			isa = PBXGroup;
			children = (
				FAA3D9311F28E94D00E54E82 /* AutoLayout */,
				FAA3D9301F28E94D00E54E82 /* Products */,
			);
			sourceTree = "<group>";
		};
		FAA3D9301F28E94D00E54E82 /* Products */ = {
			isa = PBXGroup;
			children = (
				FAA3D92F1F28E94D00E54E82 /* AutoLayout.app */,
			);
			name = Products;
			sourceTree = "<group>";
		};
		FAA3D9311F28E94D00E54E82 /* AutoLayout */ = {
			isa = PBXGroup;
			children = (
				FAA3D9321F28E94D00E54E82 /* AppDelegate.swift */,
				FAA3D9341F28E94D00E54E82 /* ViewController.swift */,
				FAA3D9441F28F04A00E54E82 /* SafetyViewController.swift */,
				FAA3D94C1F291D2600E54E82 /* InventoryViewController.swift */,
				FAA3D94A1F291D0F00E54E82 /* LocationViewController.swift */,
				FAA3D9361F28E94D00E54E82 /* Main.storyboard */,
				FAA3D9481F28F91400E54E82 /* 220px-Zombie_haiti_ill_artlibre_jnl.png */,
				FAA3D9461F28F67100E54E82 /* 14w8129.jpg */,
				FAA3D9391F28E94D00E54E82 /* Assets.xcassets */,
				FAA3D93B1F28E94D00E54E82 /* LaunchScreen.storyboard */,
				FAA3D93E1F28E94D00E54E82 /* Info.plist */,
			);
			path = AutoLayout;
			sourceTree = "<group>";
		};
/* End PBXGroup section */

/* Begin PBXNativeTarget section */
		FAA3D92E1F28E94D00E54E82 /* AutoLayout */ = {
			isa = PBXNativeTarget;
			buildConfigurationList = FAA3D9411F28E94D00E54E82 /* Build configuration list for PBXNativeTarget "AutoLayout" */;
			buildPhases = (
				FAA3D92B1F28E94D00E54E82 /* Sources */,
				FAA3D92C1F28E94D00E54E82 /* Frameworks */,
				FAA3D92D1F28E94D00E54E82 /* Resources */,
			);
			buildRules = (
			);
			dependencies = (
			);
			name = AutoLayout;
			productName = AutoLayout;
			productReference = FAA3D92F1F28E94D00E54E82 /* AutoLayout.app */;
			productType = "com.apple.product-type.application";
		};
/* End PBXNativeTarget section */

/* Begin PBXProject section */
		FAA3D9271F28E94D00E54E82 /* Project object */ = {
			isa = PBXProject;
			attributes = {
				LastSwiftUpdateCheck = 0830;
				LastUpgradeCheck = 0830;
				ORGANIZATIONNAME = nxtgen;
				TargetAttributes = {
					FAA3D92E1F28E94D00E54E82 = {
						CreatedOnToolsVersion = 8.3.3;
						DevelopmentTeam = ATZ7PKK893;
						ProvisioningStyle = Automatic;
					};
				};
			};
			buildConfigurationList = FAA3D92A1F28E94D00E54E82 /* Build configuration list for PBXProject "AutoLayout" */;
			compatibilityVersion = "Xcode 3.2";
			developmentRegion = English;
			hasScannedForEncodings = 0;
			knownRegions = (
				en,
				Base,
			);
			mainGroup = FAA3D9261F28E94D00E54E82;
			productRefGroup = FAA3D9301F28E94D00E54E82 /* Products */;
			projectDirPath = "";
			projectRoot = "";
			targets = (
				FAA3D92E1F28E94D00E54E82 /* AutoLayout */,
			);
		};
/* End PBXProject section */

/* Begin PBXResourcesBuildPhase section */
		FAA3D92D1F28E94D00E54E82 /* Resources */ = {
			isa = PBXResourcesBuildPhase;
			buildActionMask = 2147483647;
			files = (
				FAA3D93D1F28E94D00E54E82 /* LaunchScreen.storyboard in Resources */,
				FAA3D93A1F28E94D00E54E82 /* Assets.xcassets in Resources */,
				FAA3D9471F28F67100E54E82 /* 14w8129.jpg in Resources */,
				FAA3D9491F28F91400E54E82 /* 220px-Zombie_haiti_ill_artlibre_jnl.png in Resources */,
				FAA3D9381F28E94D00E54E82 /* Main.storyboard in Resources */,
			);
			runOnlyForDeploymentPostprocessing = 0;
		};
/* End PBXResourcesBuildPhase section */

/* Begin PBXSourcesBuildPhase section */
		FAA3D92B1F28E94D00E54E82 /* Sources */ = {
			isa = PBXSourcesBuildPhase;
			buildActionMask = 2147483647;
			files = (
				FAA3D9451F28F04A00E54E82 /* SafetyViewController.swift in Sources */,
				FAA3D9351F28E94D00E54E82 /* ViewController.swift in Sources */,
				FAA3D94D1F291D2600E54E82 /* InventoryViewController.swift in Sources */,
				FAA3D9331F28E94D00E54E82 /* AppDelegate.swift in Sources */,
				FAA3D94B1F291D0F00E54E82 /* LocationViewController.swift in Sources */,
			);
			runOnlyForDeploymentPostprocessing = 0;
		};
/* End PBXSourcesBuildPhase section */

/* Begin PBXVariantGroup section */
		FAA3D9361F28E94D00E54E82 /* Main.storyboard */ = {
			isa = PBXVariantGroup;
			children = (
				FAA3D9371F28E94D00E54E82 /* Base */,
			);
			name = Main.storyboard;
			sourceTree = "<group>";
		};
		FAA3D93B1F28E94D00E54E82 /* LaunchScreen.storyboard */ = {
			isa = PBXVariantGroup;
			children = (
				FAA3D93C1F28E94D00E54E82 /* Base */,
			);
			name = LaunchScreen.storyboard;
			sourceTree = "<group>";
		};
/* End PBXVariantGroup section */

/* Begin XCBuildConfiguration section */
		FAA3D93F1F28E94D00E54E82 /* Debug */ = {
			isa = XCBuildConfiguration;
			buildSettings = {
				ALWAYS_SEARCH_USER_PATHS = NO;
				CLANG_ANALYZER_NONNULL = YES;
				CLANG_ANALYZER_NUMBER_OBJECT_CONVERSION = YES_AGGRESSIVE;
				CLANG_CXX_LANGUAGE_STANDARD = "gnu++0x";
				CLANG_CXX_LIBRARY = "libc++";
				CLANG_ENABLE_MODULES = YES;
				CLANG_ENABLE_OBJC_ARC = YES;
				CLANG_WARN_BOOL_CONVERSION = YES;
				CLANG_WARN_CONSTANT_CONVERSION = YES;
				CLANG_WARN_DIRECT_OBJC_ISA_USAGE = YES_ERROR;
				CLANG_WARN_DOCUMENTATION_COMMENTS = YES;
				CLANG_WARN_EMPTY_BODY = YES;
				CLANG_WARN_ENUM_CONVERSION = YES;
				CLANG_WARN_INFINITE_RECURSION = YES;
				CLANG_WARN_INT_CONVERSION = YES;
				CLANG_WARN_OBJC_ROOT_CLASS = YES_ERROR;
				CLANG_WARN_SUSPICIOUS_MOVE = YES;
				CLANG_WARN_UNREACHABLE_CODE = YES;
				CLANG_WARN__DUPLICATE_METHOD_MATCH = YES;
				"CODE_SIGN_IDENTITY[sdk=iphoneos*]" = "iPhone Developer";
				COPY_PHASE_STRIP = NO;
				DEBUG_INFORMATION_FORMAT = dwarf;
				ENABLE_STRICT_OBJC_MSGSEND = YES;
				ENABLE_TESTABILITY = YES;
				GCC_C_LANGUAGE_STANDARD = gnu99;
				GCC_DYNAMIC_NO_PIC = NO;
				GCC_NO_COMMON_BLOCKS = YES;
				GCC_OPTIMIZATION_LEVEL = 0;
				GCC_PREPROCESSOR_DEFINITIONS = (
					"DEBUG=1",
					"$(inherited)",
				);
				GCC_WARN_64_TO_32_BIT_CONVERSION = YES;
				GCC_WARN_ABOUT_RETURN_TYPE = YES_ERROR;
				GCC_WARN_UNDECLARED_SELECTOR = YES;
				GCC_WARN_UNINITIALIZED_AUTOS = YES_AGGRESSIVE;
				GCC_WARN_UNUSED_FUNCTION = YES;
				GCC_WARN_UNUSED_VARIABLE = YES;
				IPHONEOS_DEPLOYMENT_TARGET = 10.3;
				MTL_ENABLE_DEBUG_INFO = YES;
				ONLY_ACTIVE_ARCH = YES;
				SDKROOT = iphoneos;
				SWIFT_ACTIVE_COMPILATION_CONDITIONS = DEBUG;
				SWIFT_OPTIMIZATION_LEVEL = "-Onone";
			};
			name = Debug;
		};
		FAA3D9401F28E94D00E54E82 /* Release */ = {
			isa = XCBuildConfiguration;
			buildSettings = {
				ALWAYS_SEARCH_USER_PATHS = NO;
				CLANG_ANALYZER_NONNULL = YES;
				CLANG_ANALYZER_NUMBER_OBJECT_CONVERSION = YES_AGGRESSIVE;
				CLANG_CXX_LANGUAGE_STANDARD = "gnu++0x";
				CLANG_CXX_LIBRARY = "libc++";
				CLANG_ENABLE_MODULES = YES;
				CLANG_ENABLE_OBJC_ARC = YES;
				CLANG_WARN_BOOL_CONVERSION = YES;
				CLANG_WARN_CONSTANT_CONVERSION = YES;
				CLANG_WARN_DIRECT_OBJC_ISA_USAGE = YES_ERROR;
				CLANG_WARN_DOCUMENTATION_COMMENTS = YES;
				CLANG_WARN_EMPTY_BODY = YES;
				CLANG_WARN_ENUM_CONVERSION = YES;
				CLANG_WARN_INFINITE_RECURSION = YES;
				CLANG_WARN_INT_CONVERSION = YES;
				CLANG_WARN_OBJC_ROOT_CLASS = YES_ERROR;
				CLANG_WARN_SUSPICIOUS_MOVE = YES;
				CLANG_WARN_UNREACHABLE_CODE = YES;
				CLANG_WARN__DUPLICATE_METHOD_MATCH = YES;
				"CODE_SIGN_IDENTITY[sdk=iphoneos*]" = "iPhone Developer";
				COPY_PHASE_STRIP = NO;
				DEBUG_INFORMATION_FORMAT = "dwarf-with-dsym";
				ENABLE_NS_ASSERTIONS = NO;
				ENABLE_STRICT_OBJC_MSGSEND = YES;
				GCC_C_LANGUAGE_STANDARD = gnu99;
				GCC_NO_COMMON_BLOCKS = YES;
				GCC_WARN_64_TO_32_BIT_CONVERSION = YES;
				GCC_WARN_ABOUT_RETURN_TYPE = YES_ERROR;
				GCC_WARN_UNDECLARED_SELECTOR = YES;
				GCC_WARN_UNINITIALIZED_AUTOS = YES_AGGRESSIVE;
				GCC_WARN_UNUSED_FUNCTION = YES;
				GCC_WARN_UNUSED_VARIABLE = YES;
				IPHONEOS_DEPLOYMENT_TARGET = 10.3;
				MTL_ENABLE_DEBUG_INFO = NO;
				SDKROOT = iphoneos;
				SWIFT_OPTIMIZATION_LEVEL = "-Owholemodule";
				VALIDATE_PRODUCT = YES;
			};
			name = Release;
		};
		FAA3D9421F28E94D00E54E82 /* Debug */ = {
			isa = XCBuildConfiguration;
			buildSettings = {
				ASSETCATALOG_COMPILER_APPICON_NAME = AppIcon;
				DEVELOPMENT_TEAM = ATZ7PKK893;
				INFOPLIST_FILE = AutoLayout/Info.plist;
				LD_RUNPATH_SEARCH_PATHS = "$(inherited) @executable_path/Frameworks";
				PRODUCT_BUNDLE_IDENTIFIER = rnance.AutoLayout;
				PRODUCT_NAME = "$(TARGET_NAME)";
				SWIFT_VERSION = 3.0;
			};
			name = Debug;
		};
		FAA3D9431F28E94D00E54E82 /* Release */ = {
			isa = XCBuildConfiguration;
			buildSettings = {
				ASSETCATALOG_COMPILER_APPICON_NAME = AppIcon;
				DEVELOPMENT_TEAM = ATZ7PKK893;
				INFOPLIST_FILE = AutoLayout/Info.plist;
				LD_RUNPATH_SEARCH_PATHS = "$(inherited) @executable_path/Frameworks";
				PRODUCT_BUNDLE_IDENTIFIER = rnance.AutoLayout;
				PRODUCT_NAME = "$(TARGET_NAME)";
				SWIFT_VERSION = 3.0;
			};
			name = Release;
		};
/* End XCBuildConfiguration section */

/* Begin XCConfigurationList section */
		FAA3D92A1F28E94D00E54E82 /* Build configuration list for PBXProject "AutoLayout" */ = {
			isa = XCConfigurationList;
			buildConfigurations = (
				FAA3D93F1F28E94D00E54E82 /* Debug */,
				FAA3D9401F28E94D00E54E82 /* Release */,
			);
			defaultConfigurationIsVisible = 0;
			defaultConfigurationName = Release;
		};
		FAA3D9411F28E94D00E54E82 /* Build configuration list for PBXNativeTarget "AutoLayout" */ = {
			isa = XCConfigurationList;
			buildConfigurations = (
				FAA3D9421F28E94D00E54E82 /* Debug */,
				FAA3D9431F28E94D00E54E82 /* Release */,
			);
			defaultConfigurationIsVisible = 0;
		};
/* End XCConfigurationList section */
	};
	rootObject = FAA3D9271F28E94D00E54E82 /* Project object */;
}
